<?xml version="1.0" encoding="utf-8"?>
<Project ToolsVersion="4.0" xmlns="http://schemas.microsoft.com/developer/msbuild/2003">
  <ItemGroup>
    <ClCompile Include="main.cpp" />
    <ClCompile Include="mainwindow.cpp">
      <Filter>Source Files</Filter>
    </ClCompile>
    <ClCompile Include="buscar_parrilla.cpp">
      <Filter>Source Files</Filter>
    </ClCompile>
    <ClCompile Include="crear_tutoria.cpp">
      <Filter>Source Files</Filter>
    </ClCompile>
    <ClCompile Include="eliminar_alumno.cpp">
      <Filter>Source Files</Filter>
    </ClCompile>
    <ClCompile Include="eliminar_grado.cpp">
      <Filter>Source Files</Filter>
    </ClCompile>
    <ClCompile Include="eliminar_profesor.cpp">
      <Filter>Source Files</Filter>
    </ClCompile>
    <ClCompile Include="eliminar_tutoria.cpp">
      <Filter>Source Files</Filter>
    </ClCompile>
    <ClCompile Include="generar_parrilla.cpp">
      <Filter>Source Files</Filter>
    </ClCompile>
    <ClCompile Include="gestionar_alumnos.cpp">
      <Filter>Source Files</Filter>
    </ClCompile>
    <ClCompile Include="gestionar_grados.cpp">
      <Filter>Source Files</Filter>
    </ClCompile>
    <ClCompile Include="gestionar_profesores.cpp">
      <Filter>Source Files</Filter>
    </ClCompile>
    <ClCompile Include="insertar_alumno.cpp">
      <Filter>Source Files</Filter>
    </ClCompile>
    <ClCompile Include="insertar_grado.cpp">
      <Filter>Source Files</Filter>
    </ClCompile>
    <ClCompile Include="insertar_profesor.cpp">
      <Filter>Source Files</Filter>
    </ClCompile>
    <ClCompile Include="menu_principal.cpp">
      <Filter>Source Files</Filter>
    </ClCompile>
    <ClCompile Include="modificar_alumno.cpp">
      <Filter>Source Files</Filter>
    </ClCompile>
    <ClCompile Include="modificar_profesor.cpp">
      <Filter>Source Files</Filter>
    </ClCompile>
    <ClCompile Include="modificar_tutoria.cpp">
      <Filter>Source Files</Filter>
    </ClCompile>
    <ClCompile Include="parrilla_de_presentaciones.cpp">
      <Filter>Source Files</Filter>
    </ClCompile>
    <ClCompile Include="tutorias.cpp">
      <Filter>Source Files</Filter>
    </ClCompile>
    <ClCompile Include="ver_parrilla.cpp">
      <Filter>Source Files</Filter>
    </ClCompile>
  </ItemGroup>
  <ItemGroup>
    <Filter Include="Resource Files">
      <UniqueIdentifier>{D9D6E242-F8AF-46E4-B9FD-80ECBC20BA3E}</UniqueIdentifier>
      <Extensions>qrc;*</Extensions>
      <ParseFiles>false</ParseFiles>
    </Filter>
    <Filter Include="Source Files">
      <UniqueIdentifier>{4FC737F1-C7A5-4376-A066-2A32D752A2FF}</UniqueIdentifier>
      <Extensions>cpp;c;cc;cxx;def;odl;idl;hpj;bat;asm;asmx</Extensions>
      <ParseFiles>true</ParseFiles>
    </Filter>
    <Filter Include="Header Files">
      <UniqueIdentifier>{93995380-89BD-4b04-88EB-625FBE52EBFB}</UniqueIdentifier>
      <Extensions>h;hh;hpp;hxx;hm;inl;inc;xsd</Extensions>
      <ParseFiles>true</ParseFiles>
    </Filter>
    <Filter Include="Form Files">
      <UniqueIdentifier>{99349809-55BA-4b9d-BF79-8FDBB0286EB3}</UniqueIdentifier>
      <Extensions>ui</Extensions>
      <ParseFiles>true</ParseFiles>
    </Filter>
  </ItemGroup>
  <ItemGroup>
    <QtMoc Include="mainwindow.h">
      <Filter>Header Files</Filter>
    </QtMoc>
    <QtMoc Include="buscar_parrilla.h">
      <Filter>Header Files</Filter>
    </QtMoc>
    <QtMoc Include="crear_tutoria.h">
      <Filter>Header Files</Filter>
    </QtMoc>
    <QtMoc Include="eliminar_alumno.h">
      <Filter>Header Files</Filter>
    </QtMoc>
    <QtMoc Include="eliminar_grado.h">
      <Filter>Header Files</Filter>
    </QtMoc>
    <QtMoc Include="eliminar_profesor.h">
      <Filter>Header Files</Filter>
    </QtMoc>
    <QtMoc Include="eliminar_tutoria.h">
      <Filter>Header Files</Filter>
    </QtMoc>
    <QtMoc Include="generar_parrilla.h">
      <Filter>Header Files</Filter>
    </QtMoc>
    <QtMoc Include="gestionar_alumnos.h">
      <Filter>Header Files</Filter>
    </QtMoc>
    <QtMoc Include="gestionar_grados.h">
      <Filter>Header Files</Filter>
    </QtMoc>
    <QtMoc Include="gestionar_profesores.h">
      <Filter>Header Files</Filter>
    </QtMoc>
    <QtMoc Include="insertar_alumno.h">
      <Filter>Header Files</Filter>
    </QtMoc>
    <QtMoc Include="insertar_grado.h">
      <Filter>Header Files</Filter>
    </QtMoc>
    <QtMoc Include="insertar_profesor.h">
      <Filter>Header Files</Filter>
    </QtMoc>
    <QtMoc Include="menu_principal.h">
      <Filter>Header Files</Filter>
    </QtMoc>
    <QtMoc Include="modificar_alumno.h">
      <Filter>Header Files</Filter>
    </QtMoc>
    <QtMoc Include="modificar_profesor.h">
      <Filter>Header Files</Filter>
    </QtMoc>
    <QtMoc Include="modificar_tutoria.h">
      <Filter>Header Files</Filter>
    </QtMoc>
    <QtMoc Include="parrilla_de_presentaciones.h">
      <Filter>Header Files</Filter>
    </QtMoc>
    <QtMoc Include="tutorias.h">
      <Filter>Header Files</Filter>
    </QtMoc>
    <QtMoc Include="ver_parrilla.h">
      <Filter>Header Files</Filter>
    </QtMoc>
  </ItemGroup>
  <ItemGroup>
    <QtUic Include="mainwindow.ui">
      <Filter>Form Files</Filter>
    </QtUic>
    <QtUic Include="buscar_parrilla.ui">
      <Filter>Form Files</Filter>
    </QtUic>
    <QtUic Include="crear_tutoria.ui">
      <Filter>Form Files</Filter>
    </QtUic>
    <QtUic Include="eliminar_alumno.ui">
      <Filter>Form Files</Filter>
    </QtUic>
    <QtUic Include="eliminar_grado.ui">
      <Filter>Form Files</Filter>
    </QtUic>
    <QtUic Include="eliminar_profesor.ui">
      <Filter>Form Files</Filter>
    </QtUic>
    <QtUic Include="eliminar_tutoria.ui">
      <Filter>Form Files</Filter>
    </QtUic>
    <QtUic Include="generar_parrilla.ui">
      <Filter>Form Files</Filter>
    </QtUic>
    <QtUic Include="gestionar_alumnos.ui">
      <Filter>Form Files</Filter>
    </QtUic>
    <QtUic Include="gestionar_grados.ui">
      <Filter>Form Files</Filter>
    </QtUic>
    <QtUic Include="gestionar_profesores.ui">
      <Filter>Form Files</Filter>
    </QtUic>
    <QtUic Include="insertar_alumno.ui">
      <Filter>Form Files</Filter>
    </QtUic>
    <QtUic Include="insertar_grado.ui">
      <Filter>Form Files</Filter>
    </QtUic>
    <QtUic Include="insertar_profesor.ui">
      <Filter>Form Files</Filter>
    </QtUic>
    <QtUic Include="menu_principal.ui">
      <Filter>Form Files</Filter>
    </QtUic>
    <QtUic Include="modificar_alumno.ui">
      <Filter>Form Files</Filter>
    </QtUic>
    <QtUic Include="modificar_profesor.ui">
      <Filter>Form Files</Filter>
    </QtUic>
    <QtUic Include="modificar_tutoria.ui">
      <Filter>Form Files</Filter>
    </QtUic>
    <QtUic Include="parrilla_de_presentaciones.ui">
      <Filter>Form Files</Filter>
    </QtUic>
    <QtUic Include="tutorias.ui">
      <Filter>Form Files</Filter>
    </QtUic>
    <QtUic Include="ver_parrilla.ui">
      <Filter>Form Files</Filter>
    </QtUic>
  </ItemGroup>
  <ItemGroup>
    <QtRcc Include="mainwindow.qrc">
      <Filter>Resource Files</Filter>
    </QtRcc>
  </ItemGroup>
</Project>