
Microsoft Visual Studio Solution File, Format Version 12.00
# Visual Studio 15
VisualStudioVersion = 15.0.27703.2035
MinimumVisualStudioVersion = 10.0.40219.1
Project("{8BC9CEB8-8B4A-11D0-8D11-00A0C91BC942}") = "V002IP", "V002IP\V002IP.vcxproj", "{BD3A62C5-349C-437B-B4C4-42FC767D0149}"
EndProject
Global
	GlobalSection(SolutionConfigurationPlatforms) = preSolution
		Debug|x64 = Debug|x64
		Debug|x86 = Debug|x86
		Release|x64 = Release|x64
		Release|x86 = Release|x86
	EndGlobalSection
	GlobalSection(ProjectConfigurationPlatforms) = postSolution
		{BD3A62C5-349C-437B-B4C4-42FC767D0149}.Debug|x64.ActiveCfg = Debug|x64
		{BD3A62C5-349C-437B-B4C4-42FC767D0149}.Debug|x64.Build.0 = Debug|x64
		{BD3A62C5-349C-437B-B4C4-42FC767D0149}.Debug|x86.ActiveCfg = Debug|Win32
		{BD3A62C5-349C-437B-B4C4-42FC767D0149}.Debug|x86.Build.0 = Debug|Win32
		{BD3A62C5-349C-437B-B4C4-42FC767D0149}.Release|x64.ActiveCfg = Release|x64
		{BD3A62C5-349C-437B-B4C4-42FC767D0149}.Release|x64.Build.0 = Release|x64
		{BD3A62C5-349C-437B-B4C4-42FC767D0149}.Release|x86.ActiveCfg = Release|Win32
		{BD3A62C5-349C-437B-B4C4-42FC767D0149}.Release|x86.Build.0 = Release|Win32
	EndGlobalSection
	GlobalSection(SolutionProperties) = preSolution
		HideSolutionNode = FALSE
	EndGlobalSection
	GlobalSection(ExtensibilityGlobals) = postSolution
		SolutionGuid = {900A0F8D-AF00-46D8-8421-2ABA981392DD}
	EndGlobalSection
EndGlobal
